// !$*UTF8*$!
{
	archiveVersion = 1;
	classes = {
	};
	objectVersion = 52;
	objects = {

/* Begin PBXBuildFile section */
		B56CED09256F20E0009D33D3 /* Kino_App04App.swift in Sources */ = {isa = PBXBuildFile; fileRef = B56CED08256F20E0009D33D3 /* Kino_App04App.swift */; };
		B56CED0B256F20E0009D33D3 /* ContentView.swift in Sources */ = {isa = PBXBuildFile; fileRef = B56CED0A256F20E0009D33D3 /* ContentView.swift */; };
		B56CED0D256F20E2009D33D3 /* Assets.xcassets in Resources */ = {isa = PBXBuildFile; fileRef = B56CED0C256F20E2009D33D3 /* Assets.xcassets */; };
		B56CED10256F20E2009D33D3 /* Preview Assets.xcassets in Resources */ = {isa = PBXBuildFile; fileRef = B56CED0F256F20E2009D33D3 /* Preview Assets.xcassets */; };
		B56CED12256F20E2009D33D3 /* Persistence.swift in Sources */ = {isa = PBXBuildFile; fileRef = B56CED11256F20E2009D33D3 /* Persistence.swift */; };
		B56CED15256F20E2009D33D3 /* Kino_App04.xcdatamodeld in Sources */ = {isa = PBXBuildFile; fileRef = B56CED13256F20E2009D33D3 /* Kino_App04.xcdatamodeld */; };
		B56CED32256F2A0F009D33D3 /* AppData.swift in Sources */ = {isa = PBXBuildFile; fileRef = B56CED2A256F2A0F009D33D3 /* AppData.swift */; };
		B56CED33256F2A0F009D33D3 /* Movie.swift in Sources */ = {isa = PBXBuildFile; fileRef = B56CED2B256F2A0F009D33D3 /* Movie.swift */; };
		B56CED34256F2A0F009D33D3 /* Person.swift in Sources */ = {isa = PBXBuildFile; fileRef = B56CED2C256F2A0F009D33D3 /* Person.swift */; };
		B56CED35256F2A0F009D33D3 /* TabSearch.swift in Sources */ = {isa = PBXBuildFile; fileRef = B56CED2D256F2A0F009D33D3 /* TabSearch.swift */; };
		B56CED36256F2A0F009D33D3 /* TabMovieData.swift in Sources */ = {isa = PBXBuildFile; fileRef = B56CED2E256F2A0F009D33D3 /* TabMovieData.swift */; };
		B56CED37256F2A0F009D33D3 /* TabCategory.swift in Sources */ = {isa = PBXBuildFile; fileRef = B56CED2F256F2A0F009D33D3 /* TabCategory.swift */; };
		B56CED38256F2A0F009D33D3 /* Protocols.swift in Sources */ = {isa = PBXBuildFile; fileRef = B56CED30256F2A0F009D33D3 /* Protocols.swift */; };
		B56CED39256F2A0F009D33D3 /* TabApp.swift in Sources */ = {isa = PBXBuildFile; fileRef = B56CED31256F2A0F009D33D3 /* TabApp.swift */; };
		B56CED40256F2A22009D33D3 /* AppUserDefaults.swift in Sources */ = {isa = PBXBuildFile; fileRef = B56CED3C256F2A22009D33D3 /* AppUserDefaults.swift */; };
		B56CED41256F2A22009D33D3 /* GlobalHelpers.swift in Sources */ = {isa = PBXBuildFile; fileRef = B56CED3D256F2A22009D33D3 /* GlobalHelpers.swift */; };
		B56CED42256F2A22009D33D3 /* Colors.swift in Sources */ = {isa = PBXBuildFile; fileRef = B56CED3E256F2A22009D33D3 /* Colors.swift */; };
		B56CED43256F2A22009D33D3 /* ActivityIndicatorview.swift in Sources */ = {isa = PBXBuildFile; fileRef = B56CED3F256F2A22009D33D3 /* ActivityIndicatorview.swift */; };
		B56CED4A256F2A2E009D33D3 /* APIClient.swift in Sources */ = {isa = PBXBuildFile; fileRef = B56CED46256F2A2E009D33D3 /* APIClient.swift */; };
		B56CED4B256F2A2E009D33D3 /* VideoPlayerURL.swift in Sources */ = {isa = PBXBuildFile; fileRef = B56CED47256F2A2E009D33D3 /* VideoPlayerURL.swift */; };
		B56CED4C256F2A2E009D33D3 /* WebView.swift in Sources */ = {isa = PBXBuildFile; fileRef = B56CED48256F2A2E009D33D3 /* WebView.swift */; };
		B56CED4D256F2A2E009D33D3 /* APIClientMovie.swift in Sources */ = {isa = PBXBuildFile; fileRef = B56CED49256F2A2E009D33D3 /* APIClientMovie.swift */; };
		B56CED50256F2AFB009D33D3 /* FilmsDB.swift in Sources */ = {isa = PBXBuildFile; fileRef = B56CED4F256F2AFB009D33D3 /* FilmsDB.swift */; };
		B56CED53256F2B5B009D33D3 /* TabContentView.swift in Sources */ = {isa = PBXBuildFile; fileRef = B56CED52256F2B5B009D33D3 /* TabContentView.swift */; };
		B56CED5C256F2B90009D33D3 /* SearchView.swift in Sources */ = {isa = PBXBuildFile; fileRef = B56CED56256F2B90009D33D3 /* SearchView.swift */; };
		B56CED5D256F2B90009D33D3 /* RowPersonView.swift in Sources */ = {isa = PBXBuildFile; fileRef = B56CED57256F2B90009D33D3 /* RowPersonView.swift */; };
		B56CED5E256F2B90009D33D3 /* SearchResults.swift in Sources */ = {isa = PBXBuildFile; fileRef = B56CED58256F2B90009D33D3 /* SearchResults.swift */; };
		B56CED5F256F2B90009D33D3 /* SearchVM.swift in Sources */ = {isa = PBXBuildFile; fileRef = B56CED59256F2B90009D33D3 /* SearchVM.swift */; };
		B56CED60256F2B90009D33D3 /* SearchBar.swift in Sources */ = {isa = PBXBuildFile; fileRef = B56CED5A256F2B90009D33D3 /* SearchBar.swift */; };
		B56CED61256F2B90009D33D3 /* RowMovieView.swift in Sources */ = {isa = PBXBuildFile; fileRef = B56CED5B256F2B90009D33D3 /* RowMovieView.swift */; };
		B56CED65256F2C1A009D33D3 /* KingfisherSwiftUI in Frameworks */ = {isa = PBXBuildFile; productRef = B56CED64256F2C1A009D33D3 /* KingfisherSwiftUI */; };
		B56CED70256F2C9E009D33D3 /* DisplayPosterView.swift in Sources */ = {isa = PBXBuildFile; fileRef = B56CED68256F2C9E009D33D3 /* DisplayPosterView.swift */; };
		B56CED71256F2C9E009D33D3 /* CustomTabView.swift in Sources */ = {isa = PBXBuildFile; fileRef = B56CED69256F2C9E009D33D3 /* CustomTabView.swift */; };
		B56CED72256F2C9E009D33D3 /* DisplayURLImage.swift in Sources */ = {isa = PBXBuildFile; fileRef = B56CED6A256F2C9E009D33D3 /* DisplayURLImage.swift */; };
		B56CED73256F2C9E009D33D3 /* RowMovies.swift in Sources */ = {isa = PBXBuildFile; fileRef = B56CED6B256F2C9E009D33D3 /* RowMovies.swift */; };
		B56CED74256F2C9E009D33D3 /* PlayButton.swift in Sources */ = {isa = PBXBuildFile; fileRef = B56CED6C256F2C9E009D33D3 /* PlayButton.swift */; };
		B56CED75256F2C9E009D33D3 /* SmallVerticalButton.swift in Sources */ = {isa = PBXBuildFile; fileRef = B56CED6D256F2C9E009D33D3 /* SmallVerticalButton.swift */; };
		B56CED76256F2C9E009D33D3 /* DisplayImageView.swift in Sources */ = {isa = PBXBuildFile; fileRef = B56CED6E256F2C9E009D33D3 /* DisplayImageView.swift */; };
		B56CED77256F2C9E009D33D3 /* VideoPreviewImage.swift in Sources */ = {isa = PBXBuildFile; fileRef = B56CED6F256F2C9E009D33D3 /* VideoPreviewImage.swift */; };
		B56CED8C25706052009D33D3 /* PersonDetail.swift in Sources */ = {isa = PBXBuildFile; fileRef = B56CED7E25706052009D33D3 /* PersonDetail.swift */; };
		B56CED8D25706052009D33D3 /* PersonDetailVM.swift in Sources */ = {isa = PBXBuildFile; fileRef = B56CED7F25706052009D33D3 /* PersonDetailVM.swift */; };
		B56CED8E25706052009D33D3 /* PersonResults.swift in Sources */ = {isa = PBXBuildFile; fileRef = B56CED8025706052009D33D3 /* PersonResults.swift */; };
		B56CED8F25706052009D33D3 /* MyList.swift in Sources */ = {isa = PBXBuildFile; fileRef = B56CED8225706052009D33D3 /* MyList.swift */; };
		B56CED9025706052009D33D3 /* MovieDetailInfo.swift in Sources */ = {isa = PBXBuildFile; fileRef = B56CED8425706052009D33D3 /* MovieDetailInfo.swift */; };
		B56CED9125706052009D33D3 /* MovieDetail.swift in Sources */ = {isa = PBXBuildFile; fileRef = B56CED8525706052009D33D3 /* MovieDetail.swift */; };
		B56CED9225706052009D33D3 /* TrailerView.swift in Sources */ = {isa = PBXBuildFile; fileRef = B56CED8625706052009D33D3 /* TrailerView.swift */; };
		B56CED9325706052009D33D3 /* RowCast.swift in Sources */ = {isa = PBXBuildFile; fileRef = B56CED8725706052009D33D3 /* RowCast.swift */; };
		B56CED9425706052009D33D3 /* MovieDetailVM.swift in Sources */ = {isa = PBXBuildFile; fileRef = B56CED8825706052009D33D3 /* MovieDetailVM.swift */; };
		B56CED9525706052009D33D3 /* MovieList.swift in Sources */ = {isa = PBXBuildFile; fileRef = B56CED8A25706052009D33D3 /* MovieList.swift */; };
		B56CED9625706052009D33D3 /* MovieListVM.swift in Sources */ = {isa = PBXBuildFile; fileRef = B56CED8B25706052009D33D3 /* MovieListVM.swift */; };
		B56CEDA2257186F0009D33D3 /* FilmsDBVM.swift in Sources */ = {isa = PBXBuildFile; fileRef = B56CEDA1257186F0009D33D3 /* FilmsDBVM.swift */; };
		B56CEDC725718B8A009D33D3 /* CoreDataManager.swift in Sources */ = {isa = PBXBuildFile; fileRef = B56CEDC625718B8A009D33D3 /* CoreDataManager.swift */; };
		B5CBA7662573A26000D83BF3 /* FilmDBDetails.swift in Sources */ = {isa = PBXBuildFile; fileRef = B5CBA7652573A26000D83BF3 /* FilmDBDetails.swift */; };
		B5CBA7692573A3FA00D83BF3 /* TabDBSearch.swift in Sources */ = {isa = PBXBuildFile; fileRef = B5CBA7682573A3FA00D83BF3 /* TabDBSearch.swift */; };
		B5CBA81D2574693700D83BF3 /* PersonD+CoreDataClass.swift in Sources */ = {isa = PBXBuildFile; fileRef = B5CBA8152574693700D83BF3 /* PersonD+CoreDataClass.swift */; };
		B5CBA81E2574693700D83BF3 /* PersonD+CoreDataProperties.swift in Sources */ = {isa = PBXBuildFile; fileRef = B5CBA8162574693700D83BF3 /* PersonD+CoreDataProperties.swift */; };
		B5CBA81F2574693700D83BF3 /* Film+CoreDataClass.swift in Sources */ = {isa = PBXBuildFile; fileRef = B5CBA8172574693700D83BF3 /* Film+CoreDataClass.swift */; };
		B5CBA8202574693700D83BF3 /* Film+CoreDataProperties.swift in Sources */ = {isa = PBXBuildFile; fileRef = B5CBA8182574693700D83BF3 /* Film+CoreDataProperties.swift */; };
		B5CBA8212574693700D83BF3 /* GenreD+CoreDataClass.swift in Sources */ = {isa = PBXBuildFile; fileRef = B5CBA8192574693700D83BF3 /* GenreD+CoreDataClass.swift */; };
		B5CBA8222574693700D83BF3 /* GenreD+CoreDataProperties.swift in Sources */ = {isa = PBXBuildFile; fileRef = B5CBA81A2574693700D83BF3 /* GenreD+CoreDataProperties.swift */; };
		B5CBA8232574693700D83BF3 /* KeywordsD+CoreDataClass.swift in Sources */ = {isa = PBXBuildFile; fileRef = B5CBA81B2574693700D83BF3 /* KeywordsD+CoreDataClass.swift */; };
		B5CBA8242574693700D83BF3 /* KeywordsD+CoreDataProperties.swift in Sources */ = {isa = PBXBuildFile; fileRef = B5CBA81C2574693700D83BF3 /* KeywordsD+CoreDataProperties.swift */; };
/* End PBXBuildFile section */

/* Begin PBXFileReference section */
		B56CED05256F20E0009D33D3 /* Kino_App04.app */ = {isa = PBXFileReference; explicitFileType = wrapper.application; includeInIndex = 0; path = Kino_App04.app; sourceTree = BUILT_PRODUCTS_DIR; };
		B56CED08256F20E0009D33D3 /* Kino_App04App.swift */ = {isa = PBXFileReference; lastKnownFileType = sourcecode.swift; path = Kino_App04App.swift; sourceTree = "<group>"; };
		B56CED0A256F20E0009D33D3 /* ContentView.swift */ = {isa = PBXFileReference; lastKnownFileType = sourcecode.swift; path = ContentView.swift; sourceTree = "<group>"; };
		B56CED0C256F20E2009D33D3 /* Assets.xcassets */ = {isa = PBXFileReference; lastKnownFileType = folder.assetcatalog; path = Assets.xcassets; sourceTree = "<group>"; };
		B56CED0F256F20E2009D33D3 /* Preview Assets.xcassets */ = {isa = PBXFileReference; lastKnownFileType = folder.assetcatalog; path = "Preview Assets.xcassets"; sourceTree = "<group>"; };
		B56CED11256F20E2009D33D3 /* Persistence.swift */ = {isa = PBXFileReference; lastKnownFileType = sourcecode.swift; path = Persistence.swift; sourceTree = "<group>"; };
		B56CED14256F20E2009D33D3 /* Kino_App04.xcdatamodel */ = {isa = PBXFileReference; lastKnownFileType = wrapper.xcdatamodel; path = Kino_App04.xcdatamodel; sourceTree = "<group>"; };
		B56CED16256F20E2009D33D3 /* Info.plist */ = {isa = PBXFileReference; lastKnownFileType = text.plist.xml; path = Info.plist; sourceTree = "<group>"; };
		B56CED2A256F2A0F009D33D3 /* AppData.swift */ = {isa = PBXFileReference; fileEncoding = 4; lastKnownFileType = sourcecode.swift; path = AppData.swift; sourceTree = "<group>"; };
		B56CED2B256F2A0F009D33D3 /* Movie.swift */ = {isa = PBXFileReference; fileEncoding = 4; lastKnownFileType = sourcecode.swift; path = Movie.swift; sourceTree = "<group>"; };
		B56CED2C256F2A0F009D33D3 /* Person.swift */ = {isa = PBXFileReference; fileEncoding = 4; lastKnownFileType = sourcecode.swift; path = Person.swift; sourceTree = "<group>"; };
		B56CED2D256F2A0F009D33D3 /* TabSearch.swift */ = {isa = PBXFileReference; fileEncoding = 4; lastKnownFileType = sourcecode.swift; path = TabSearch.swift; sourceTree = "<group>"; };
		B56CED2E256F2A0F009D33D3 /* TabMovieData.swift */ = {isa = PBXFileReference; fileEncoding = 4; lastKnownFileType = sourcecode.swift; path = TabMovieData.swift; sourceTree = "<group>"; };
		B56CED2F256F2A0F009D33D3 /* TabCategory.swift */ = {isa = PBXFileReference; fileEncoding = 4; lastKnownFileType = sourcecode.swift; path = TabCategory.swift; sourceTree = "<group>"; };
		B56CED30256F2A0F009D33D3 /* Protocols.swift */ = {isa = PBXFileReference; fileEncoding = 4; lastKnownFileType = sourcecode.swift; path = Protocols.swift; sourceTree = "<group>"; };
		B56CED31256F2A0F009D33D3 /* TabApp.swift */ = {isa = PBXFileReference; fileEncoding = 4; lastKnownFileType = sourcecode.swift; path = TabApp.swift; sourceTree = "<group>"; };
		B56CED3C256F2A22009D33D3 /* AppUserDefaults.swift */ = {isa = PBXFileReference; fileEncoding = 4; lastKnownFileType = sourcecode.swift; path = AppUserDefaults.swift; sourceTree = "<group>"; };
		B56CED3D256F2A22009D33D3 /* GlobalHelpers.swift */ = {isa = PBXFileReference; fileEncoding = 4; lastKnownFileType = sourcecode.swift; path = GlobalHelpers.swift; sourceTree = "<group>"; };
		B56CED3E256F2A22009D33D3 /* Colors.swift */ = {isa = PBXFileReference; fileEncoding = 4; lastKnownFileType = sourcecode.swift; path = Colors.swift; sourceTree = "<group>"; };
		B56CED3F256F2A22009D33D3 /* ActivityIndicatorview.swift */ = {isa = PBXFileReference; fileEncoding = 4; lastKnownFileType = sourcecode.swift; path = ActivityIndicatorview.swift; sourceTree = "<group>"; };
		B56CED46256F2A2E009D33D3 /* APIClient.swift */ = {isa = PBXFileReference; fileEncoding = 4; lastKnownFileType = sourcecode.swift; path = APIClient.swift; sourceTree = "<group>"; };
		B56CED47256F2A2E009D33D3 /* VideoPlayerURL.swift */ = {isa = PBXFileReference; fileEncoding = 4; lastKnownFileType = sourcecode.swift; path = VideoPlayerURL.swift; sourceTree = "<group>"; };
		B56CED48256F2A2E009D33D3 /* WebView.swift */ = {isa = PBXFileReference; fileEncoding = 4; lastKnownFileType = sourcecode.swift; path = WebView.swift; sourceTree = "<group>"; };
		B56CED49256F2A2E009D33D3 /* APIClientMovie.swift */ = {isa = PBXFileReference; fileEncoding = 4; lastKnownFileType = sourcecode.swift; path = APIClientMovie.swift; sourceTree = "<group>"; };
		B56CED4F256F2AFB009D33D3 /* FilmsDB.swift */ = {isa = PBXFileReference; lastKnownFileType = sourcecode.swift; path = FilmsDB.swift; sourceTree = "<group>"; };
		B56CED52256F2B5B009D33D3 /* TabContentView.swift */ = {isa = PBXFileReference; fileEncoding = 4; lastKnownFileType = sourcecode.swift; path = TabContentView.swift; sourceTree = "<group>"; };
		B56CED56256F2B90009D33D3 /* SearchView.swift */ = {isa = PBXFileReference; fileEncoding = 4; lastKnownFileType = sourcecode.swift; path = SearchView.swift; sourceTree = "<group>"; };
		B56CED57256F2B90009D33D3 /* RowPersonView.swift */ = {isa = PBXFileReference; fileEncoding = 4; lastKnownFileType = sourcecode.swift; path = RowPersonView.swift; sourceTree = "<group>"; };
		B56CED58256F2B90009D33D3 /* SearchResults.swift */ = {isa = PBXFileReference; fileEncoding = 4; lastKnownFileType = sourcecode.swift; path = SearchResults.swift; sourceTree = "<group>"; };
		B56CED59256F2B90009D33D3 /* SearchVM.swift */ = {isa = PBXFileReference; fileEncoding = 4; lastKnownFileType = sourcecode.swift; path = SearchVM.swift; sourceTree = "<group>"; };
		B56CED5A256F2B90009D33D3 /* SearchBar.swift */ = {isa = PBXFileReference; fileEncoding = 4; lastKnownFileType = sourcecode.swift; path = SearchBar.swift; sourceTree = "<group>"; };
		B56CED5B256F2B90009D33D3 /* RowMovieView.swift */ = {isa = PBXFileReference; fileEncoding = 4; lastKnownFileType = sourcecode.swift; path = RowMovieView.swift; sourceTree = "<group>"; };
		B56CED68256F2C9E009D33D3 /* DisplayPosterView.swift */ = {isa = PBXFileReference; fileEncoding = 4; lastKnownFileType = sourcecode.swift; path = DisplayPosterView.swift; sourceTree = "<group>"; };
		B56CED69256F2C9E009D33D3 /* CustomTabView.swift */ = {isa = PBXFileReference; fileEncoding = 4; lastKnownFileType = sourcecode.swift; path = CustomTabView.swift; sourceTree = "<group>"; };
		B56CED6A256F2C9E009D33D3 /* DisplayURLImage.swift */ = {isa = PBXFileReference; fileEncoding = 4; lastKnownFileType = sourcecode.swift; path = DisplayURLImage.swift; sourceTree = "<group>"; };
		B56CED6B256F2C9E009D33D3 /* RowMovies.swift */ = {isa = PBXFileReference; fileEncoding = 4; lastKnownFileType = sourcecode.swift; path = RowMovies.swift; sourceTree = "<group>"; };
		B56CED6C256F2C9E009D33D3 /* PlayButton.swift */ = {isa = PBXFileReference; fileEncoding = 4; lastKnownFileType = sourcecode.swift; path = PlayButton.swift; sourceTree = "<group>"; };
		B56CED6D256F2C9E009D33D3 /* SmallVerticalButton.swift */ = {isa = PBXFileReference; fileEncoding = 4; lastKnownFileType = sourcecode.swift; path = SmallVerticalButton.swift; sourceTree = "<group>"; };
		B56CED6E256F2C9E009D33D3 /* DisplayImageView.swift */ = {isa = PBXFileReference; fileEncoding = 4; lastKnownFileType = sourcecode.swift; path = DisplayImageView.swift; sourceTree = "<group>"; };
		B56CED6F256F2C9E009D33D3 /* VideoPreviewImage.swift */ = {isa = PBXFileReference; fileEncoding = 4; lastKnownFileType = sourcecode.swift; path = VideoPreviewImage.swift; sourceTree = "<group>"; };
		B56CED7E25706052009D33D3 /* PersonDetail.swift */ = {isa = PBXFileReference; fileEncoding = 4; lastKnownFileType = sourcecode.swift; path = PersonDetail.swift; sourceTree = "<group>"; };
		B56CED7F25706052009D33D3 /* PersonDetailVM.swift */ = {isa = PBXFileReference; fileEncoding = 4; lastKnownFileType = sourcecode.swift; path = PersonDetailVM.swift; sourceTree = "<group>"; };
		B56CED8025706052009D33D3 /* PersonResults.swift */ = {isa = PBXFileReference; fileEncoding = 4; lastKnownFileType = sourcecode.swift; path = PersonResults.swift; sourceTree = "<group>"; };
		B56CED8225706052009D33D3 /* MyList.swift */ = {isa = PBXFileReference; fileEncoding = 4; lastKnownFileType = sourcecode.swift; path = MyList.swift; sourceTree = "<group>"; };
		B56CED8425706052009D33D3 /* MovieDetailInfo.swift */ = {isa = PBXFileReference; fileEncoding = 4; lastKnownFileType = sourcecode.swift; path = MovieDetailInfo.swift; sourceTree = "<group>"; };
		B56CED8525706052009D33D3 /* MovieDetail.swift */ = {isa = PBXFileReference; fileEncoding = 4; lastKnownFileType = sourcecode.swift; path = MovieDetail.swift; sourceTree = "<group>"; };
		B56CED8625706052009D33D3 /* TrailerView.swift */ = {isa = PBXFileReference; fileEncoding = 4; lastKnownFileType = sourcecode.swift; path = TrailerView.swift; sourceTree = "<group>"; };
		B56CED8725706052009D33D3 /* RowCast.swift */ = {isa = PBXFileReference; fileEncoding = 4; lastKnownFileType = sourcecode.swift; path = RowCast.swift; sourceTree = "<group>"; };
		B56CED8825706052009D33D3 /* MovieDetailVM.swift */ = {isa = PBXFileReference; fileEncoding = 4; lastKnownFileType = sourcecode.swift; path = MovieDetailVM.swift; sourceTree = "<group>"; };
		B56CED8A25706052009D33D3 /* MovieList.swift */ = {isa = PBXFileReference; fileEncoding = 4; lastKnownFileType = sourcecode.swift; path = MovieList.swift; sourceTree = "<group>"; };
		B56CED8B25706052009D33D3 /* MovieListVM.swift */ = {isa = PBXFileReference; fileEncoding = 4; lastKnownFileType = sourcecode.swift; path = MovieListVM.swift; sourceTree = "<group>"; };
		B56CEDA1257186F0009D33D3 /* FilmsDBVM.swift */ = {isa = PBXFileReference; lastKnownFileType = sourcecode.swift; path = FilmsDBVM.swift; sourceTree = "<group>"; };
		B56CEDC625718B8A009D33D3 /* CoreDataManager.swift */ = {isa = PBXFileReference; lastKnownFileType = sourcecode.swift; path = CoreDataManager.swift; sourceTree = "<group>"; };
		B5CBA7652573A26000D83BF3 /* FilmDBDetails.swift */ = {isa = PBXFileReference; lastKnownFileType = sourcecode.swift; path = FilmDBDetails.swift; sourceTree = "<group>"; };
		B5CBA7682573A3FA00D83BF3 /* TabDBSearch.swift */ = {isa = PBXFileReference; fileEncoding = 4; lastKnownFileType = sourcecode.swift; path = TabDBSearch.swift; sourceTree = "<group>"; };
		B5CBA8152574693700D83BF3 /* PersonD+CoreDataClass.swift */ = {isa = PBXFileReference; lastKnownFileType = sourcecode.swift; path = "PersonD+CoreDataClass.swift"; sourceTree = SOURCE_ROOT; };
		B5CBA8162574693700D83BF3 /* PersonD+CoreDataProperties.swift */ = {isa = PBXFileReference; lastKnownFileType = sourcecode.swift; path = "PersonD+CoreDataProperties.swift"; sourceTree = SOURCE_ROOT; };
		B5CBA8172574693700D83BF3 /* Film+CoreDataClass.swift */ = {isa = PBXFileReference; lastKnownFileType = sourcecode.swift; path = "Film+CoreDataClass.swift"; sourceTree = SOURCE_ROOT; };
		B5CBA8182574693700D83BF3 /* Film+CoreDataProperties.swift */ = {isa = PBXFileReference; lastKnownFileType = sourcecode.swift; path = "Film+CoreDataProperties.swift"; sourceTree = SOURCE_ROOT; };
		B5CBA8192574693700D83BF3 /* GenreD+CoreDataClass.swift */ = {isa = PBXFileReference; lastKnownFileType = sourcecode.swift; path = "GenreD+CoreDataClass.swift"; sourceTree = SOURCE_ROOT; };
		B5CBA81A2574693700D83BF3 /* GenreD+CoreDataProperties.swift */ = {isa = PBXFileReference; lastKnownFileType = sourcecode.swift; path = "GenreD+CoreDataProperties.swift"; sourceTree = SOURCE_ROOT; };
		B5CBA81B2574693700D83BF3 /* KeywordsD+CoreDataClass.swift */ = {isa = PBXFileReference; lastKnownFileType = sourcecode.swift; path = "KeywordsD+CoreDataClass.swift"; sourceTree = SOURCE_ROOT; };
		B5CBA81C2574693700D83BF3 /* KeywordsD+CoreDataProperties.swift */ = {isa = PBXFileReference; lastKnownFileType = sourcecode.swift; path = "KeywordsD+CoreDataProperties.swift"; sourceTree = SOURCE_ROOT; };
/* End PBXFileReference section */

/* Begin PBXFrameworksBuildPhase section */
		B56CED02256F20E0009D33D3 /* Frameworks */ = {
			isa = PBXFrameworksBuildPhase;
			buildActionMask = 2147483647;
			files = (
				B56CED65256F2C1A009D33D3 /* KingfisherSwiftUI in Frameworks */,
			);
			runOnlyForDeploymentPostprocessing = 0;
		};
/* End PBXFrameworksBuildPhase section */

/* Begin PBXGroup section */
		B56CECFC256F20E0009D33D3 = {
			isa = PBXGroup;
			children = (
				B56CED07256F20E0009D33D3 /* Kino_App04 */,
				B56CED06256F20E0009D33D3 /* Products */,
			);
			sourceTree = "<group>";
		};
		B56CED06256F20E0009D33D3 /* Products */ = {
			isa = PBXGroup;
			children = (
				B56CED05256F20E0009D33D3 /* Kino_App04.app */,
			);
			name = Products;
			sourceTree = "<group>";
		};
		B56CED07256F20E0009D33D3 /* Kino_App04 */ = {
			isa = PBXGroup;
			children = (
				B56CED08256F20E0009D33D3 /* Kino_App04App.swift */,
				B56CED0A256F20E0009D33D3 /* ContentView.swift */,
				B56CED52256F2B5B009D33D3 /* TabContentView.swift */,
				B56CED0C256F20E2009D33D3 /* Assets.xcassets */,
				B56CED16256F20E2009D33D3 /* Info.plist */,
				B56CED13256F20E2009D33D3 /* Kino_App04.xcdatamodeld */,
				B56CED98257065F8009D33D3 /* Films */,
				B56CED8325706052009D33D3 /* MovieDetail */,
				B56CED8925706052009D33D3 /* MovieList */,
				B56CED8125706052009D33D3 /* MyList */,
				B56CED7D25706052009D33D3 /* PersonDetails */,
				B56CED55256F2B8F009D33D3 /* Search */,
				B56CED67256F2C9E009D33D3 /* Shared Views */,
				B56CED3B256F2A22009D33D3 /* Global */,
				B56CED29256F2A0F009D33D3 /* Model */,
				B56CED45256F2A2E009D33D3 /* Services */,
				B56CED0E256F20E2009D33D3 /* Preview Content */,
			);
			path = Kino_App04;
			sourceTree = "<group>";
		};
		B56CED0E256F20E2009D33D3 /* Preview Content */ = {
			isa = PBXGroup;
			children = (
				B56CED0F256F20E2009D33D3 /* Preview Assets.xcassets */,
			);
			path = "Preview Content";
			sourceTree = "<group>";
		};
		B56CED29256F2A0F009D33D3 /* Model */ = {
			isa = PBXGroup;
			children = (
				B5CBA814257468DE00D83BF3 /* DB */,
				B56CED2A256F2A0F009D33D3 /* AppData.swift */,
				B56CED2B256F2A0F009D33D3 /* Movie.swift */,
				B56CED2C256F2A0F009D33D3 /* Person.swift */,
				B56CED30256F2A0F009D33D3 /* Protocols.swift */,
				B56CED2D256F2A0F009D33D3 /* TabSearch.swift */,
				B5CBA7682573A3FA00D83BF3 /* TabDBSearch.swift */,
				B56CED2E256F2A0F009D33D3 /* TabMovieData.swift */,
				B56CED2F256F2A0F009D33D3 /* TabCategory.swift */,
				B56CED31256F2A0F009D33D3 /* TabApp.swift */,
			);
			path = Model;
			sourceTree = "<group>";
		};
		B56CED3B256F2A22009D33D3 /* Global */ = {
			isa = PBXGroup;
			children = (
				B56CED3C256F2A22009D33D3 /* AppUserDefaults.swift */,
				B56CED3D256F2A22009D33D3 /* GlobalHelpers.swift */,
				B56CED3E256F2A22009D33D3 /* Colors.swift */,
				B56CED3F256F2A22009D33D3 /* ActivityIndicatorview.swift */,
			);
			path = Global;
			sourceTree = "<group>";
		};
		B56CED45256F2A2E009D33D3 /* Services */ = {
			isa = PBXGroup;
			children = (
				B56CED46256F2A2E009D33D3 /* APIClient.swift */,
				B56CED49256F2A2E009D33D3 /* APIClientMovie.swift */,
				B56CED47256F2A2E009D33D3 /* VideoPlayerURL.swift */,
				B56CED48256F2A2E009D33D3 /* WebView.swift */,
				B56CEDC625718B8A009D33D3 /* CoreDataManager.swift */,
				B56CED11256F20E2009D33D3 /* Persistence.swift */,
			);
			path = Services;
			sourceTree = "<group>";
		};
		B56CED55256F2B8F009D33D3 /* Search */ = {
			isa = PBXGroup;
			children = (
				B56CED56256F2B90009D33D3 /* SearchView.swift */,
				B56CED59256F2B90009D33D3 /* SearchVM.swift */,
				B56CED57256F2B90009D33D3 /* RowPersonView.swift */,
				B56CED58256F2B90009D33D3 /* SearchResults.swift */,
				B56CED5B256F2B90009D33D3 /* RowMovieView.swift */,
			);
			path = Search;
			sourceTree = "<group>";
		};
		B56CED67256F2C9E009D33D3 /* Shared Views */ = {
			isa = PBXGroup;
			children = (
				B56CED69256F2C9E009D33D3 /* CustomTabView.swift */,
				B56CED68256F2C9E009D33D3 /* DisplayPosterView.swift */,
				B56CED6E256F2C9E009D33D3 /* DisplayImageView.swift */,
				B56CED6A256F2C9E009D33D3 /* DisplayURLImage.swift */,
				B56CED6C256F2C9E009D33D3 /* PlayButton.swift */,
				B56CED6B256F2C9E009D33D3 /* RowMovies.swift */,
				B56CED6D256F2C9E009D33D3 /* SmallVerticalButton.swift */,
				B56CED5A256F2B90009D33D3 /* SearchBar.swift */,
				B56CED6F256F2C9E009D33D3 /* VideoPreviewImage.swift */,
			);
			path = "Shared Views";
			sourceTree = "<group>";
		};
		B56CED7D25706052009D33D3 /* PersonDetails */ = {
			isa = PBXGroup;
			children = (
				B56CED7E25706052009D33D3 /* PersonDetail.swift */,
				B56CED7F25706052009D33D3 /* PersonDetailVM.swift */,
				B56CED8025706052009D33D3 /* PersonResults.swift */,
			);
			path = PersonDetails;
			sourceTree = "<group>";
		};
		B56CED8125706052009D33D3 /* MyList */ = {
			isa = PBXGroup;
			children = (
				B56CED8225706052009D33D3 /* MyList.swift */,
			);
			path = MyList;
			sourceTree = "<group>";
		};
		B56CED8325706052009D33D3 /* MovieDetail */ = {
			isa = PBXGroup;
			children = (
				B56CED8425706052009D33D3 /* MovieDetailInfo.swift */,
				B56CED8525706052009D33D3 /* MovieDetail.swift */,
				B56CED8625706052009D33D3 /* TrailerView.swift */,
				B56CED8725706052009D33D3 /* RowCast.swift */,
				B56CED8825706052009D33D3 /* MovieDetailVM.swift */,
			);
			path = MovieDetail;
			sourceTree = "<group>";
		};
		B56CED8925706052009D33D3 /* MovieList */ = {
			isa = PBXGroup;
			children = (
				B56CED8A25706052009D33D3 /* MovieList.swift */,
				B56CED8B25706052009D33D3 /* MovieListVM.swift */,
			);
			path = MovieList;
			sourceTree = "<group>";
		};
		B56CED98257065F8009D33D3 /* Films */ = {
			isa = PBXGroup;
			children = (
				B56CEDA1257186F0009D33D3 /* FilmsDBVM.swift */,
				B56CED4F256F2AFB009D33D3 /* FilmsDB.swift */,
				B5CBA7652573A26000D83BF3 /* FilmDBDetails.swift */,
			);
			path = Films;
			sourceTree = "<group>";
		};
		B5CBA814257468DE00D83BF3 /* DB */ = {
			isa = PBXGroup;
			children = (
				B5CBA8152574693700D83BF3 /* PersonD+CoreDataClass.swift */,
				B5CBA8162574693700D83BF3 /* PersonD+CoreDataProperties.swift */,
				B5CBA8172574693700D83BF3 /* Film+CoreDataClass.swift */,
				B5CBA8182574693700D83BF3 /* Film+CoreDataProperties.swift */,
				B5CBA8192574693700D83BF3 /* GenreD+CoreDataClass.swift */,
				B5CBA81A2574693700D83BF3 /* GenreD+CoreDataProperties.swift */,
				B5CBA81B2574693700D83BF3 /* KeywordsD+CoreDataClass.swift */,
				B5CBA81C2574693700D83BF3 /* KeywordsD+CoreDataProperties.swift */,
			);
			path = DB;
			sourceTree = "<group>";
		};
/* End PBXGroup section */

/* Begin PBXNativeTarget section */
		B56CED04256F20E0009D33D3 /* Kino_App04 */ = {
			isa = PBXNativeTarget;
			buildConfigurationList = B56CED19256F20E2009D33D3 /* Build configuration list for PBXNativeTarget "Kino_App04" */;
			buildPhases = (
				B56CED01256F20E0009D33D3 /* Sources */,
				B56CED02256F20E0009D33D3 /* Frameworks */,
				B56CED03256F20E0009D33D3 /* Resources */,
			);
			buildRules = (
			);
			dependencies = (
			);
			name = Kino_App04;
			packageProductDependencies = (
				B56CED64256F2C1A009D33D3 /* KingfisherSwiftUI */,
			);
			productName = Kino_App04;
			productReference = B56CED05256F20E0009D33D3 /* Kino_App04.app */;
			productType = "com.apple.product-type.application";
		};
/* End PBXNativeTarget section */

/* Begin PBXProject section */
		B56CECFD256F20E0009D33D3 /* Project object */ = {
			isa = PBXProject;
			attributes = {
				LastSwiftUpdateCheck = 1200;
				LastUpgradeCheck = 1200;
				TargetAttributes = {
					B56CED04256F20E0009D33D3 = {
						CreatedOnToolsVersion = 12.0.1;
					};
				};
			};
			buildConfigurationList = B56CED00256F20E0009D33D3 /* Build configuration list for PBXProject "Kino_App04" */;
			compatibilityVersion = "Xcode 9.3";
			developmentRegion = en;
			hasScannedForEncodings = 0;
			knownRegions = (
				en,
				Base,
			);
			mainGroup = B56CECFC256F20E0009D33D3;
			packageReferences = (
				B56CED63256F2C1A009D33D3 /* XCRemoteSwiftPackageReference "Kingfisher" */,
			);
			productRefGroup = B56CED06256F20E0009D33D3 /* Products */;
			projectDirPath = "";
			projectRoot = "";
			targets = (
				B56CED04256F20E0009D33D3 /* Kino_App04 */,
			);
		};
/* End PBXProject section */

/* Begin PBXResourcesBuildPhase section */
		B56CED03256F20E0009D33D3 /* Resources */ = {
			isa = PBXResourcesBuildPhase;
			buildActionMask = 2147483647;
			files = (
				B56CED10256F20E2009D33D3 /* Preview Assets.xcassets in Resources */,
				B56CED0D256F20E2009D33D3 /* Assets.xcassets in Resources */,
			);
			runOnlyForDeploymentPostprocessing = 0;
		};
/* End PBXResourcesBuildPhase section */

/* Begin PBXSourcesBuildPhase section */
		B56CED01256F20E0009D33D3 /* Sources */ = {
			isa = PBXSourcesBuildPhase;
			buildActionMask = 2147483647;
			files = (
				B56CED15256F20E2009D33D3 /* Kino_App04.xcdatamodeld in Sources */,
				B56CED74256F2C9E009D33D3 /* PlayButton.swift in Sources */,
				B56CED41256F2A22009D33D3 /* GlobalHelpers.swift in Sources */,
				B56CED42256F2A22009D33D3 /* Colors.swift in Sources */,
				B56CED8F25706052009D33D3 /* MyList.swift in Sources */,
				B5CBA81F2574693700D83BF3 /* Film+CoreDataClass.swift in Sources */,
				B56CED9525706052009D33D3 /* MovieList.swift in Sources */,
				B56CED61256F2B90009D33D3 /* RowMovieView.swift in Sources */,
				B56CED53256F2B5B009D33D3 /* TabContentView.swift in Sources */,
				B56CED8C25706052009D33D3 /* PersonDetail.swift in Sources */,
				B56CED72256F2C9E009D33D3 /* DisplayURLImage.swift in Sources */,
				B5CBA8242574693700D83BF3 /* KeywordsD+CoreDataProperties.swift in Sources */,
				B56CED12256F20E2009D33D3 /* Persistence.swift in Sources */,
				B5CBA8232574693700D83BF3 /* KeywordsD+CoreDataClass.swift in Sources */,
				B5CBA8202574693700D83BF3 /* Film+CoreDataProperties.swift in Sources */,
				B56CED35256F2A0F009D33D3 /* TabSearch.swift in Sources */,
				B56CED4C256F2A2E009D33D3 /* WebView.swift in Sources */,
				B56CED5D256F2B90009D33D3 /* RowPersonView.swift in Sources */,
				B5CBA7662573A26000D83BF3 /* FilmDBDetails.swift in Sources */,
				B56CED4A256F2A2E009D33D3 /* APIClient.swift in Sources */,
				B56CED50256F2AFB009D33D3 /* FilmsDB.swift in Sources */,
				B56CED0B256F20E0009D33D3 /* ContentView.swift in Sources */,
				B56CED70256F2C9E009D33D3 /* DisplayPosterView.swift in Sources */,
				B56CED43256F2A22009D33D3 /* ActivityIndicatorview.swift in Sources */,
				B5CBA8212574693700D83BF3 /* GenreD+CoreDataClass.swift in Sources */,
				B56CED9325706052009D33D3 /* RowCast.swift in Sources */,
				B56CED9225706052009D33D3 /* TrailerView.swift in Sources */,
				B5CBA7692573A3FA00D83BF3 /* TabDBSearch.swift in Sources */,
				B56CED9025706052009D33D3 /* MovieDetailInfo.swift in Sources */,
				B56CED09256F20E0009D33D3 /* Kino_App04App.swift in Sources */,
				B5CBA8222574693700D83BF3 /* GenreD+CoreDataProperties.swift in Sources */,
				B5CBA81D2574693700D83BF3 /* PersonD+CoreDataClass.swift in Sources */,
				B56CED39256F2A0F009D33D3 /* TabApp.swift in Sources */,
				B56CED5C256F2B90009D33D3 /* SearchView.swift in Sources */,
				B56CED34256F2A0F009D33D3 /* Person.swift in Sources */,
				B56CED60256F2B90009D33D3 /* SearchBar.swift in Sources */,
				B56CED36256F2A0F009D33D3 /* TabMovieData.swift in Sources */,
				B56CED4B256F2A2E009D33D3 /* VideoPlayerURL.swift in Sources */,
				B5CBA81E2574693700D83BF3 /* PersonD+CoreDataProperties.swift in Sources */,
				B56CED4D256F2A2E009D33D3 /* APIClientMovie.swift in Sources */,
				B56CED9625706052009D33D3 /* MovieListVM.swift in Sources */,
				B56CED77256F2C9E009D33D3 /* VideoPreviewImage.swift in Sources */,
				B56CED8D25706052009D33D3 /* PersonDetailVM.swift in Sources */,
				B56CED38256F2A0F009D33D3 /* Protocols.swift in Sources */,
				B56CED37256F2A0F009D33D3 /* TabCategory.swift in Sources */,
				B56CED33256F2A0F009D33D3 /* Movie.swift in Sources */,
				B56CEDA2257186F0009D33D3 /* FilmsDBVM.swift in Sources */,
				B56CED8E25706052009D33D3 /* PersonResults.swift in Sources */,
				B56CED71256F2C9E009D33D3 /* CustomTabView.swift in Sources */,
				B56CED73256F2C9E009D33D3 /* RowMovies.swift in Sources */,
				B56CED40256F2A22009D33D3 /* AppUserDefaults.swift in Sources */,
				B56CED5E256F2B90009D33D3 /* SearchResults.swift in Sources */,
				B56CED76256F2C9E009D33D3 /* DisplayImageView.swift in Sources */,
				B56CEDC725718B8A009D33D3 /* CoreDataManager.swift in Sources */,
				B56CED5F256F2B90009D33D3 /* SearchVM.swift in Sources */,
				B56CED32256F2A0F009D33D3 /* AppData.swift in Sources */,
				B56CED9425706052009D33D3 /* MovieDetailVM.swift in Sources */,
				B56CED75256F2C9E009D33D3 /* SmallVerticalButton.swift in Sources */,
				B56CED9125706052009D33D3 /* MovieDetail.swift in Sources */,
			);
			runOnlyForDeploymentPostprocessing = 0;
		};
/* End PBXSourcesBuildPhase section */

/* Begin XCBuildConfiguration section */
		B56CED17256F20E2009D33D3 /* Debug */ = {
			isa = XCBuildConfiguration;
			buildSettings = {
				ALWAYS_SEARCH_USER_PATHS = NO;
				CLANG_ANALYZER_NONNULL = YES;
				CLANG_ANALYZER_NUMBER_OBJECT_CONVERSION = YES_AGGRESSIVE;
				CLANG_CXX_LANGUAGE_STANDARD = "gnu++14";
				CLANG_CXX_LIBRARY = "libc++";
				CLANG_ENABLE_MODULES = YES;
				CLANG_ENABLE_OBJC_ARC = YES;
				CLANG_ENABLE_OBJC_WEAK = YES;
				CLANG_WARN_BLOCK_CAPTURE_AUTORELEASING = YES;
				CLANG_WARN_BOOL_CONVERSION = YES;
				CLANG_WARN_COMMA = YES;
				CLANG_WARN_CONSTANT_CONVERSION = YES;
				CLANG_WARN_DEPRECATED_OBJC_IMPLEMENTATIONS = YES;
				CLANG_WARN_DIRECT_OBJC_ISA_USAGE = YES_ERROR;
				CLANG_WARN_DOCUMENTATION_COMMENTS = YES;
				CLANG_WARN_EMPTY_BODY = YES;
				CLANG_WARN_ENUM_CONVERSION = YES;
				CLANG_WARN_INFINITE_RECURSION = YES;
				CLANG_WARN_INT_CONVERSION = YES;
				CLANG_WARN_NON_LITERAL_NULL_CONVERSION = YES;
				CLANG_WARN_OBJC_IMPLICIT_RETAIN_SELF = YES;
				CLANG_WARN_OBJC_LITERAL_CONVERSION = YES;
				CLANG_WARN_OBJC_ROOT_CLASS = YES_ERROR;
				CLANG_WARN_QUOTED_INCLUDE_IN_FRAMEWORK_HEADER = YES;
				CLANG_WARN_RANGE_LOOP_ANALYSIS = YES;
				CLANG_WARN_STRICT_PROTOTYPES = YES;
				CLANG_WARN_SUSPICIOUS_MOVE = YES;
				CLANG_WARN_UNGUARDED_AVAILABILITY = YES_AGGRESSIVE;
				CLANG_WARN_UNREACHABLE_CODE = YES;
				CLANG_WARN__DUPLICATE_METHOD_MATCH = YES;
				COPY_PHASE_STRIP = NO;
				DEBUG_INFORMATION_FORMAT = dwarf;
				ENABLE_STRICT_OBJC_MSGSEND = YES;
				ENABLE_TESTABILITY = YES;
				GCC_C_LANGUAGE_STANDARD = gnu11;
				GCC_DYNAMIC_NO_PIC = NO;
				GCC_NO_COMMON_BLOCKS = YES;
				GCC_OPTIMIZATION_LEVEL = 0;
				GCC_PREPROCESSOR_DEFINITIONS = (
					"DEBUG=1",
					"$(inherited)",
				);
				GCC_WARN_64_TO_32_BIT_CONVERSION = YES;
				GCC_WARN_ABOUT_RETURN_TYPE = YES_ERROR;
				GCC_WARN_UNDECLARED_SELECTOR = YES;
				GCC_WARN_UNINITIALIZED_AUTOS = YES_AGGRESSIVE;
				GCC_WARN_UNUSED_FUNCTION = YES;
				GCC_WARN_UNUSED_VARIABLE = YES;
				IPHONEOS_DEPLOYMENT_TARGET = 14.0;
				MTL_ENABLE_DEBUG_INFO = INCLUDE_SOURCE;
				MTL_FAST_MATH = YES;
				ONLY_ACTIVE_ARCH = YES;
				SDKROOT = iphoneos;
				SWIFT_ACTIVE_COMPILATION_CONDITIONS = DEBUG;
				SWIFT_OPTIMIZATION_LEVEL = "-Onone";
			};
			name = Debug;
		};
		B56CED18256F20E2009D33D3 /* Release */ = {
			isa = XCBuildConfiguration;
			buildSettings = {
				ALWAYS_SEARCH_USER_PATHS = NO;
				CLANG_ANALYZER_NONNULL = YES;
				CLANG_ANALYZER_NUMBER_OBJECT_CONVERSION = YES_AGGRESSIVE;
				CLANG_CXX_LANGUAGE_STANDARD = "gnu++14";
				CLANG_CXX_LIBRARY = "libc++";
				CLANG_ENABLE_MODULES = YES;
				CLANG_ENABLE_OBJC_ARC = YES;
				CLANG_ENABLE_OBJC_WEAK = YES;
				CLANG_WARN_BLOCK_CAPTURE_AUTORELEASING = YES;
				CLANG_WARN_BOOL_CONVERSION = YES;
				CLANG_WARN_COMMA = YES;
				CLANG_WARN_CONSTANT_CONVERSION = YES;
				CLANG_WARN_DEPRECATED_OBJC_IMPLEMENTATIONS = YES;
				CLANG_WARN_DIRECT_OBJC_ISA_USAGE = YES_ERROR;
				CLANG_WARN_DOCUMENTATION_COMMENTS = YES;
				CLANG_WARN_EMPTY_BODY = YES;
				CLANG_WARN_ENUM_CONVERSION = YES;
				CLANG_WARN_INFINITE_RECURSION = YES;
				CLANG_WARN_INT_CONVERSION = YES;
				CLANG_WARN_NON_LITERAL_NULL_CONVERSION = YES;
				CLANG_WARN_OBJC_IMPLICIT_RETAIN_SELF = YES;
				CLANG_WARN_OBJC_LITERAL_CONVERSION = YES;
				CLANG_WARN_OBJC_ROOT_CLASS = YES_ERROR;
				CLANG_WARN_QUOTED_INCLUDE_IN_FRAMEWORK_HEADER = YES;
				CLANG_WARN_RANGE_LOOP_ANALYSIS = YES;
				CLANG_WARN_STRICT_PROTOTYPES = YES;
				CLANG_WARN_SUSPICIOUS_MOVE = YES;
				CLANG_WARN_UNGUARDED_AVAILABILITY = YES_AGGRESSIVE;
				CLANG_WARN_UNREACHABLE_CODE = YES;
				CLANG_WARN__DUPLICATE_METHOD_MATCH = YES;
				COPY_PHASE_STRIP = NO;
				DEBUG_INFORMATION_FORMAT = "dwarf-with-dsym";
				ENABLE_NS_ASSERTIONS = NO;
				ENABLE_STRICT_OBJC_MSGSEND = YES;
				GCC_C_LANGUAGE_STANDARD = gnu11;
				GCC_NO_COMMON_BLOCKS = YES;
				GCC_WARN_64_TO_32_BIT_CONVERSION = YES;
				GCC_WARN_ABOUT_RETURN_TYPE = YES_ERROR;
				GCC_WARN_UNDECLARED_SELECTOR = YES;
				GCC_WARN_UNINITIALIZED_AUTOS = YES_AGGRESSIVE;
				GCC_WARN_UNUSED_FUNCTION = YES;
				GCC_WARN_UNUSED_VARIABLE = YES;
				IPHONEOS_DEPLOYMENT_TARGET = 14.0;
				MTL_ENABLE_DEBUG_INFO = NO;
				MTL_FAST_MATH = YES;
				SDKROOT = iphoneos;
				SWIFT_COMPILATION_MODE = wholemodule;
				SWIFT_OPTIMIZATION_LEVEL = "-O";
				VALIDATE_PRODUCT = YES;
			};
			name = Release;
		};
		B56CED1A256F20E2009D33D3 /* Debug */ = {
			isa = XCBuildConfiguration;
			buildSettings = {
				ASSETCATALOG_COMPILER_APPICON_NAME = AppIcon;
				ASSETCATALOG_COMPILER_GLOBAL_ACCENT_COLOR_NAME = AccentColor;
				CODE_SIGN_STYLE = Automatic;
				DEVELOPMENT_ASSET_PATHS = "\"Kino_App04/Preview Content\"";
				DEVELOPMENT_TEAM = ESBVLK43Z5;
				ENABLE_PREVIEWS = YES;
				INFOPLIST_FILE = Kino_App04/Info.plist;
				IPHONEOS_DEPLOYMENT_TARGET = 14.0;
				LD_RUNPATH_SEARCH_PATHS = (
					"$(inherited)",
					"@executable_path/Frameworks",
				);
				PRODUCT_BUNDLE_IDENTIFIER = "tlon.Kino-App04";
				PRODUCT_NAME = "$(TARGET_NAME)";
				SWIFT_VERSION = 5.0;
				TARGETED_DEVICE_FAMILY = "1,2";
			};
			name = Debug;
		};
		B56CED1B256F20E2009D33D3 /* Release */ = {
			isa = XCBuildConfiguration;
			buildSettings = {
				ASSETCATALOG_COMPILER_APPICON_NAME = AppIcon;
				ASSETCATALOG_COMPILER_GLOBAL_ACCENT_COLOR_NAME = AccentColor;
				CODE_SIGN_STYLE = Automatic;
				DEVELOPMENT_ASSET_PATHS = "\"Kino_App04/Preview Content\"";
				DEVELOPMENT_TEAM = ESBVLK43Z5;
				ENABLE_PREVIEWS = YES;
				INFOPLIST_FILE = Kino_App04/Info.plist;
				IPHONEOS_DEPLOYMENT_TARGET = 14.0;
				LD_RUNPATH_SEARCH_PATHS = (
					"$(inherited)",
					"@executable_path/Frameworks",
				);
				PRODUCT_BUNDLE_IDENTIFIER = "tlon.Kino-App04";
				PRODUCT_NAME = "$(TARGET_NAME)";
				SWIFT_VERSION = 5.0;
				TARGETED_DEVICE_FAMILY = "1,2";
			};
			name = Release;
		};
/* End XCBuildConfiguration section */

/* Begin XCConfigurationList section */
		B56CED00256F20E0009D33D3 /* Build configuration list for PBXProject "Kino_App04" */ = {
			isa = XCConfigurationList;
			buildConfigurations = (
				B56CED17256F20E2009D33D3 /* Debug */,
				B56CED18256F20E2009D33D3 /* Release */,
			);
			defaultConfigurationIsVisible = 0;
			defaultConfigurationName = Release;
		};
		B56CED19256F20E2009D33D3 /* Build configuration list for PBXNativeTarget "Kino_App04" */ = {
			isa = XCConfigurationList;
			buildConfigurations = (
				B56CED1A256F20E2009D33D3 /* Debug */,
				B56CED1B256F20E2009D33D3 /* Release */,
			);
			defaultConfigurationIsVisible = 0;
			defaultConfigurationName = Release;
		};
/* End XCConfigurationList section */

/* Begin XCRemoteSwiftPackageReference section */
		B56CED63256F2C1A009D33D3 /* XCRemoteSwiftPackageReference "Kingfisher" */ = {
			isa = XCRemoteSwiftPackageReference;
			repositoryURL = "https://github.com/onevcat/Kingfisher.git";
			requirement = {
				kind = upToNextMajorVersion;
				minimumVersion = 5.15.7;
			};
		};
/* End XCRemoteSwiftPackageReference section */

/* Begin XCSwiftPackageProductDependency section */
		B56CED64256F2C1A009D33D3 /* KingfisherSwiftUI */ = {
			isa = XCSwiftPackageProductDependency;
			package = B56CED63256F2C1A009D33D3 /* XCRemoteSwiftPackageReference "Kingfisher" */;
			productName = KingfisherSwiftUI;
		};
/* End XCSwiftPackageProductDependency section */

/* Begin XCVersionGroup section */
		B56CED13256F20E2009D33D3 /* Kino_App04.xcdatamodeld */ = {
			isa = XCVersionGroup;
			children = (
				B56CED14256F20E2009D33D3 /* Kino_App04.xcdatamodel */,
			);
			currentVersion = B56CED14256F20E2009D33D3 /* Kino_App04.xcdatamodel */;
			path = Kino_App04.xcdatamodeld;
			sourceTree = "<group>";
			versionGroupType = wrapper.xcdatamodel;
		};
/* End XCVersionGroup section */
	};
	rootObject = B56CECFD256F20E0009D33D3 /* Project object */;
}
